
Microsoft Visual Studio Solution File, Format Version 12.00
# Visual Studio Version 16
VisualStudioVersion = 16.0.30804.86
MinimumVisualStudioVersion = 10.0.40219.1
Project("{9A19103F-16F7-4668-BE54-9A1E7A4F7556}") = "Entities", "Entities\Entities.csproj", "{B4588293-33D8-4742-9FE8-CEE4650B70E0}"
EndProject
Project("{9A19103F-16F7-4668-BE54-9A1E7A4F7556}") = "DataAccess", "DataAccess\DataAccess.csproj", "{1D921ADF-C148-4FAB-A29F-256EF5678799}"
EndProject
Project("{9A19103F-16F7-4668-BE54-9A1E7A4F7556}") = "Business", "Business\Business.csproj", "{5103EA7C-BC00-4E7B-ACA6-439457E64D67}"
EndProject
Project("{9A19103F-16F7-4668-BE54-9A1E7A4F7556}") = "ConsoleUI", "ConsoleUI\ConsoleUI.csproj", "{A7B4EC95-3316-4B62-A149-E47E7303567B}"
EndProject
Project("{FAE04EC0-301F-11D3-BF4B-00C04F79EFBC}") = "Core", "Core\Core.csproj", "{08BDB77A-EEEA-4527-BCEC-AAEF99C76ACA}"
EndProject
Global
	GlobalSection(SolutionConfigurationPlatforms) = preSolution
		Debug|Any CPU = Debug|Any CPU
		Release|Any CPU = Release|Any CPU
	EndGlobalSection
	GlobalSection(ProjectConfigurationPlatforms) = postSolution
		{B4588293-33D8-4742-9FE8-CEE4650B70E0}.Debug|Any CPU.ActiveCfg = Debug|Any CPU
		{B4588293-33D8-4742-9FE8-CEE4650B70E0}.Debug|Any CPU.Build.0 = Debug|Any CPU
		{B4588293-33D8-4742-9FE8-CEE4650B70E0}.Release|Any CPU.ActiveCfg = Release|Any CPU
		{B4588293-33D8-4742-9FE8-CEE4650B70E0}.Release|Any CPU.Build.0 = Release|Any CPU
		{1D921ADF-C148-4FAB-A29F-256EF5678799}.Debug|Any CPU.ActiveCfg = Debug|Any CPU
		{1D921ADF-C148-4FAB-A29F-256EF5678799}.Debug|Any CPU.Build.0 = Debug|Any CPU
		{1D921ADF-C148-4FAB-A29F-256EF5678799}.Release|Any CPU.ActiveCfg = Release|Any CPU
		{1D921ADF-C148-4FAB-A29F-256EF5678799}.Release|Any CPU.Build.0 = Release|Any CPU
		{5103EA7C-BC00-4E7B-ACA6-439457E64D67}.Debug|Any CPU.ActiveCfg = Debug|Any CPU
		{5103EA7C-BC00-4E7B-ACA6-439457E64D67}.Debug|Any CPU.Build.0 = Debug|Any CPU
		{5103EA7C-BC00-4E7B-ACA6-439457E64D67}.Release|Any CPU.ActiveCfg = Release|Any CPU
		{5103EA7C-BC00-4E7B-ACA6-439457E64D67}.Release|Any CPU.Build.0 = Release|Any CPU
		{A7B4EC95-3316-4B62-A149-E47E7303567B}.Debug|Any CPU.ActiveCfg = Debug|Any CPU
		{A7B4EC95-3316-4B62-A149-E47E7303567B}.Debug|Any CPU.Build.0 = Debug|Any CPU
		{A7B4EC95-3316-4B62-A149-E47E7303567B}.Release|Any CPU.ActiveCfg = Release|Any CPU
		{A7B4EC95-3316-4B62-A149-E47E7303567B}.Release|Any CPU.Build.0 = Release|Any CPU
		{08BDB77A-EEEA-4527-BCEC-AAEF99C76ACA}.Debug|Any CPU.ActiveCfg = Debug|Any CPU
		{08BDB77A-EEEA-4527-BCEC-AAEF99C76ACA}.Debug|Any CPU.Build.0 = Debug|Any CPU
		{08BDB77A-EEEA-4527-BCEC-AAEF99C76ACA}.Release|Any CPU.ActiveCfg = Release|Any CPU
		{08BDB77A-EEEA-4527-BCEC-AAEF99C76ACA}.Release|Any CPU.Build.0 = Release|Any CPU
	EndGlobalSection
	GlobalSection(SolutionProperties) = preSolution
		HideSolutionNode = FALSE
	EndGlobalSection
	GlobalSection(ExtensibilityGlobals) = postSolution
		SolutionGuid = {AABCA63F-B7DE-4C99-8876-DE43A257743B}
	EndGlobalSection
EndGlobal
